
Microsoft Visual Studio Solution File, Format Version 12.00
# Visual Studio Version 17
VisualStudioVersion = 17.8.34330.188
MinimumVisualStudioVersion = 10.0.40219.1
Project("{9A19103F-16F7-4668-BE54-9A1E7A4F7556}") = "GenericSamples.WhatIsGenerics", "GenericSamples.WhatIsGenerics\GenericSamples.WhatIsGenerics.csproj", "{7495AE8C-1039-4782-AA8A-99593A75FEF0}"
EndProject
Project("{9A19103F-16F7-4668-BE54-9A1E7A4F7556}") = "GenericSamples.SimpleListImplementation", "GenericSamples.SimpleListImplementation\GenericSamples.SimpleListImplementation.csproj", "{C70B2C9C-4589-44AE-BDFA-9B57AF1F3771}"
EndProject
Project("{9A19103F-16F7-4668-BE54-9A1E7A4F7556}") = "GenericSamples.TuplesSample", "GenericSamples.TuplesSample\GenericSamples.TuplesSample.csproj", "{968C7EE8-5049-4941-9D06-37EB11FC929B}"
EndProject
Project("{9A19103F-16F7-4668-BE54-9A1E7A4F7556}") = "GenericSamples.ArrayListSample", "GenericSamples.ArrayListSample\GenericSamples.ArrayListSample.csproj", "{44C76FA9-C036-4EDD-B872-7E737DC29DEE}"
EndProject
Project("{9A19103F-16F7-4668-BE54-9A1E7A4F7556}") = "GenericSamples.GenericMethod", "GenericSamples.GenericMethod\GenericSamples.GenericMethod.csproj", "{C59CF77D-ADAC-4744-87D9-FAAEA02B0D38}"
EndProject
Project("{9A19103F-16F7-4668-BE54-9A1E7A4F7556}") = "GenericSamples.Constraints", "GenericSamples.Constraints\GenericSamples.Constraints.csproj", "{727DE292-AA9A-4446-9859-1ED205F0D744}"
EndProject
Project("{9A19103F-16F7-4668-BE54-9A1E7A4F7556}") = "GenericSamples.FuncAndActions", "GenericSamples.FuncAndActions\GenericSamples.FuncAndActions.csproj", "{92834E1A-B1C7-4F79-A653-1005DE1A6E21}"
EndProject
Project("{FAE04EC0-301F-11D3-BF4B-00C04F79EFBC}") = "GenericSamples.Delegates", "GenericSamples.Delegates\GenericSamples.Delegates.csproj", "{9DC3E5D1-7EA7-464D-8DDB-C1A3D0FEC15F}"
EndProject
Project("{FAE04EC0-301F-11D3-BF4B-00C04F79EFBC}") = "GenericSamples.DictionarySamples", "GenericSamples.DictionarySamples\GenericSamples.DictionarySamples.csproj", "{24147ED6-58A8-4470-AFC2-6907854528DB}"
EndProject
Project("{FAE04EC0-301F-11D3-BF4B-00C04F79EFBC}") = "GenericSamples.FinalEx", "GenericSamples.FinalEx\GenericSamples.FinalEx.csproj", "{A050A4BA-1639-47C8-AB96-45A64DD824A9}"
EndProject
Global
	GlobalSection(SolutionConfigurationPlatforms) = preSolution
		Debug|Any CPU = Debug|Any CPU
		Release|Any CPU = Release|Any CPU
	EndGlobalSection
	GlobalSection(ProjectConfigurationPlatforms) = postSolution
		{7495AE8C-1039-4782-AA8A-99593A75FEF0}.Debug|Any CPU.ActiveCfg = Debug|Any CPU
		{7495AE8C-1039-4782-AA8A-99593A75FEF0}.Debug|Any CPU.Build.0 = Debug|Any CPU
		{7495AE8C-1039-4782-AA8A-99593A75FEF0}.Release|Any CPU.ActiveCfg = Release|Any CPU
		{7495AE8C-1039-4782-AA8A-99593A75FEF0}.Release|Any CPU.Build.0 = Release|Any CPU
		{C70B2C9C-4589-44AE-BDFA-9B57AF1F3771}.Debug|Any CPU.ActiveCfg = Debug|Any CPU
		{C70B2C9C-4589-44AE-BDFA-9B57AF1F3771}.Debug|Any CPU.Build.0 = Debug|Any CPU
		{C70B2C9C-4589-44AE-BDFA-9B57AF1F3771}.Release|Any CPU.ActiveCfg = Release|Any CPU
		{C70B2C9C-4589-44AE-BDFA-9B57AF1F3771}.Release|Any CPU.Build.0 = Release|Any CPU
		{968C7EE8-5049-4941-9D06-37EB11FC929B}.Debug|Any CPU.ActiveCfg = Debug|Any CPU
		{968C7EE8-5049-4941-9D06-37EB11FC929B}.Debug|Any CPU.Build.0 = Debug|Any CPU
		{968C7EE8-5049-4941-9D06-37EB11FC929B}.Release|Any CPU.ActiveCfg = Release|Any CPU
		{968C7EE8-5049-4941-9D06-37EB11FC929B}.Release|Any CPU.Build.0 = Release|Any CPU
		{44C76FA9-C036-4EDD-B872-7E737DC29DEE}.Debug|Any CPU.ActiveCfg = Debug|Any CPU
		{44C76FA9-C036-4EDD-B872-7E737DC29DEE}.Debug|Any CPU.Build.0 = Debug|Any CPU
		{44C76FA9-C036-4EDD-B872-7E737DC29DEE}.Release|Any CPU.ActiveCfg = Release|Any CPU
		{44C76FA9-C036-4EDD-B872-7E737DC29DEE}.Release|Any CPU.Build.0 = Release|Any CPU
		{C59CF77D-ADAC-4744-87D9-FAAEA02B0D38}.Debug|Any CPU.ActiveCfg = Debug|Any CPU
		{C59CF77D-ADAC-4744-87D9-FAAEA02B0D38}.Debug|Any CPU.Build.0 = Debug|Any CPU
		{C59CF77D-ADAC-4744-87D9-FAAEA02B0D38}.Release|Any CPU.ActiveCfg = Release|Any CPU
		{C59CF77D-ADAC-4744-87D9-FAAEA02B0D38}.Release|Any CPU.Build.0 = Release|Any CPU
		{727DE292-AA9A-4446-9859-1ED205F0D744}.Debug|Any CPU.ActiveCfg = Debug|Any CPU
		{727DE292-AA9A-4446-9859-1ED205F0D744}.Debug|Any CPU.Build.0 = Debug|Any CPU
		{727DE292-AA9A-4446-9859-1ED205F0D744}.Release|Any CPU.ActiveCfg = Release|Any CPU
		{727DE292-AA9A-4446-9859-1ED205F0D744}.Release|Any CPU.Build.0 = Release|Any CPU
		{92834E1A-B1C7-4F79-A653-1005DE1A6E21}.Debug|Any CPU.ActiveCfg = Debug|Any CPU
		{92834E1A-B1C7-4F79-A653-1005DE1A6E21}.Debug|Any CPU.Build.0 = Debug|Any CPU
		{92834E1A-B1C7-4F79-A653-1005DE1A6E21}.Release|Any CPU.ActiveCfg = Release|Any CPU
		{92834E1A-B1C7-4F79-A653-1005DE1A6E21}.Release|Any CPU.Build.0 = Release|Any CPU
		{9DC3E5D1-7EA7-464D-8DDB-C1A3D0FEC15F}.Debug|Any CPU.ActiveCfg = Debug|Any CPU
		{9DC3E5D1-7EA7-464D-8DDB-C1A3D0FEC15F}.Debug|Any CPU.Build.0 = Debug|Any CPU
		{9DC3E5D1-7EA7-464D-8DDB-C1A3D0FEC15F}.Release|Any CPU.ActiveCfg = Release|Any CPU
		{9DC3E5D1-7EA7-464D-8DDB-C1A3D0FEC15F}.Release|Any CPU.Build.0 = Release|Any CPU
		{24147ED6-58A8-4470-AFC2-6907854528DB}.Debug|Any CPU.ActiveCfg = Debug|Any CPU
		{24147ED6-58A8-4470-AFC2-6907854528DB}.Debug|Any CPU.Build.0 = Debug|Any CPU
		{24147ED6-58A8-4470-AFC2-6907854528DB}.Release|Any CPU.ActiveCfg = Release|Any CPU
		{24147ED6-58A8-4470-AFC2-6907854528DB}.Release|Any CPU.Build.0 = Release|Any CPU
		{A050A4BA-1639-47C8-AB96-45A64DD824A9}.Debug|Any CPU.ActiveCfg = Debug|Any CPU
		{A050A4BA-1639-47C8-AB96-45A64DD824A9}.Debug|Any CPU.Build.0 = Debug|Any CPU
		{A050A4BA-1639-47C8-AB96-45A64DD824A9}.Release|Any CPU.ActiveCfg = Release|Any CPU
		{A050A4BA-1639-47C8-AB96-45A64DD824A9}.Release|Any CPU.Build.0 = Release|Any CPU
	EndGlobalSection
	GlobalSection(SolutionProperties) = preSolution
		HideSolutionNode = FALSE
	EndGlobalSection
	GlobalSection(ExtensibilityGlobals) = postSolution
		SolutionGuid = {78C8FFD3-C1EF-47B1-A63E-C2124CEB43A2}
	EndGlobalSection
EndGlobal
