
Microsoft Visual Studio Solution File, Format Version 12.00
# Visual Studio Version 17
VisualStudioVersion = 17.8.34330.188
MinimumVisualStudioVersion = 10.0.40219.1
Project("{FAE04EC0-301F-11D3-BF4B-00C04F79EFBC}") = "GenericSamples.WhatIsGenerics", "GenericSamples.WhatIsGenerics\GenericSamples.WhatIsGenerics.csproj", "{7495AE8C-1039-4782-AA8A-99593A75FEF0}"
EndProject
Project("{FAE04EC0-301F-11D3-BF4B-00C04F79EFBC}") = "GenericSamples.SimpleListImplementation", "GenericSamples.SimpleListImplementation\GenericSamples.SimpleListImplementation.csproj", "{C70B2C9C-4589-44AE-BDFA-9B57AF1F3771}"
EndProject
Project("{FAE04EC0-301F-11D3-BF4B-00C04F79EFBC}") = "GenericSamples.TuplesSample", "GenericSamples.TuplesSample\GenericSamples.TuplesSample.csproj", "{968C7EE8-5049-4941-9D06-37EB11FC929B}"
EndProject
Project("{FAE04EC0-301F-11D3-BF4B-00C04F79EFBC}") = "GenericSamples.ArrayListSample", "GenericSamples.ArrayListSample\GenericSamples.ArrayListSample.csproj", "{44C76FA9-C036-4EDD-B872-7E737DC29DEE}"
EndProject
Project("{FAE04EC0-301F-11D3-BF4B-00C04F79EFBC}") = "GenericSamples.GenericMethod", "GenericSamples.GenericMethod\GenericSamples.GenericMethod.csproj", "{C59CF77D-ADAC-4744-87D9-FAAEA02B0D38}"
EndProject
Global
	GlobalSection(SolutionConfigurationPlatforms) = preSolution
		Debug|Any CPU = Debug|Any CPU
		Release|Any CPU = Release|Any CPU
	EndGlobalSection
	GlobalSection(ProjectConfigurationPlatforms) = postSolution
		{7495AE8C-1039-4782-AA8A-99593A75FEF0}.Debug|Any CPU.ActiveCfg = Debug|Any CPU
		{7495AE8C-1039-4782-AA8A-99593A75FEF0}.Debug|Any CPU.Build.0 = Debug|Any CPU
		{7495AE8C-1039-4782-AA8A-99593A75FEF0}.Release|Any CPU.ActiveCfg = Release|Any CPU
		{7495AE8C-1039-4782-AA8A-99593A75FEF0}.Release|Any CPU.Build.0 = Release|Any CPU
		{C70B2C9C-4589-44AE-BDFA-9B57AF1F3771}.Debug|Any CPU.ActiveCfg = Debug|Any CPU
		{C70B2C9C-4589-44AE-BDFA-9B57AF1F3771}.Debug|Any CPU.Build.0 = Debug|Any CPU
		{C70B2C9C-4589-44AE-BDFA-9B57AF1F3771}.Release|Any CPU.ActiveCfg = Release|Any CPU
		{C70B2C9C-4589-44AE-BDFA-9B57AF1F3771}.Release|Any CPU.Build.0 = Release|Any CPU
		{968C7EE8-5049-4941-9D06-37EB11FC929B}.Debug|Any CPU.ActiveCfg = Debug|Any CPU
		{968C7EE8-5049-4941-9D06-37EB11FC929B}.Debug|Any CPU.Build.0 = Debug|Any CPU
		{968C7EE8-5049-4941-9D06-37EB11FC929B}.Release|Any CPU.ActiveCfg = Release|Any CPU
		{968C7EE8-5049-4941-9D06-37EB11FC929B}.Release|Any CPU.Build.0 = Release|Any CPU
		{44C76FA9-C036-4EDD-B872-7E737DC29DEE}.Debug|Any CPU.ActiveCfg = Debug|Any CPU
		{44C76FA9-C036-4EDD-B872-7E737DC29DEE}.Debug|Any CPU.Build.0 = Debug|Any CPU
		{44C76FA9-C036-4EDD-B872-7E737DC29DEE}.Release|Any CPU.ActiveCfg = Release|Any CPU
		{44C76FA9-C036-4EDD-B872-7E737DC29DEE}.Release|Any CPU.Build.0 = Release|Any CPU
		{C59CF77D-ADAC-4744-87D9-FAAEA02B0D38}.Debug|Any CPU.ActiveCfg = Debug|Any CPU
		{C59CF77D-ADAC-4744-87D9-FAAEA02B0D38}.Debug|Any CPU.Build.0 = Debug|Any CPU
		{C59CF77D-ADAC-4744-87D9-FAAEA02B0D38}.Release|Any CPU.ActiveCfg = Release|Any CPU
		{C59CF77D-ADAC-4744-87D9-FAAEA02B0D38}.Release|Any CPU.Build.0 = Release|Any CPU
	EndGlobalSection
	GlobalSection(SolutionProperties) = preSolution
		HideSolutionNode = FALSE
	EndGlobalSection
	GlobalSection(ExtensibilityGlobals) = postSolution
		SolutionGuid = {78C8FFD3-C1EF-47B1-A63E-C2124CEB43A2}
	EndGlobalSection
EndGlobal
