
Microsoft Visual Studio Solution File, Format Version 12.00
# Visual Studio Version 17
VisualStudioVersion = 17.8.34330.188
MinimumVisualStudioVersion = 10.0.40219.1
Project("{9A19103F-16F7-4668-BE54-9A1E7A4F7556}") = "DotNetInternal.ValueVsReference", "DotNetInternal.ValueVsReference\DotNetInternal.ValueVsReference.csproj", "{07762DB3-4F00-4AC3-ADE8-325ACD8EFF24}"
EndProject
Project("{9A19103F-16F7-4668-BE54-9A1E7A4F7556}") = "DotNetInternal.RefAndOut", "DotNetInternal.RefAndOut\DotNetInternal.RefAndOut.csproj", "{35B949E7-AE68-4B34-B546-B5F87AD310FE}"
EndProject
Project("{9A19103F-16F7-4668-BE54-9A1E7A4F7556}") = "DotNetInternal.BoxingAndUnboxing", "DotNetInternal.BoxingAndUnboxing\DotNetInternal.BoxingAndUnboxing.csproj", "{E2E79EC0-57B8-4B05-A45F-1BA0AADBCC25}"
EndProject
Project("{9A19103F-16F7-4668-BE54-9A1E7A4F7556}") = "DotNetInternal.MemoryLeak", "DotNetInternal.MemoryLeak\DotNetInternal.MemoryLeak.csproj", "{DF1A3CCB-96C8-4383-AAA2-B094A2A84DB2}"
EndProject
Project("{9A19103F-16F7-4668-BE54-9A1E7A4F7556}") = "DotNetInternal.GCSamples", "DotNetInternal.GCSamples\DotNetInternal.GCSamples.csproj", "{C4DFA797-2FE1-42BB-A10F-F9B8B8EF5260}"
EndProject
Project("{FAE04EC0-301F-11D3-BF4B-00C04F79EFBC}") = "DotNetInternal.DisposalObjects", "DotNetInternal.DisposalObjects\DotNetInternal.DisposalObjects.csproj", "{36990B86-74AF-45B6-B900-E884A7679A1D}"
EndProject
Project("{FAE04EC0-301F-11D3-BF4B-00C04F79EFBC}") = "DotNetInternal.Finalizers", "DotNetInternal.Finalizers\DotNetInternal.Finalizers.csproj", "{BA4B0386-4F90-45D1-A06F-00A0276ED636}"
EndProject
Global
	GlobalSection(SolutionConfigurationPlatforms) = preSolution
		Debug|Any CPU = Debug|Any CPU
		Release|Any CPU = Release|Any CPU
	EndGlobalSection
	GlobalSection(ProjectConfigurationPlatforms) = postSolution
		{07762DB3-4F00-4AC3-ADE8-325ACD8EFF24}.Debug|Any CPU.ActiveCfg = Debug|Any CPU
		{07762DB3-4F00-4AC3-ADE8-325ACD8EFF24}.Debug|Any CPU.Build.0 = Debug|Any CPU
		{07762DB3-4F00-4AC3-ADE8-325ACD8EFF24}.Release|Any CPU.ActiveCfg = Release|Any CPU
		{07762DB3-4F00-4AC3-ADE8-325ACD8EFF24}.Release|Any CPU.Build.0 = Release|Any CPU
		{35B949E7-AE68-4B34-B546-B5F87AD310FE}.Debug|Any CPU.ActiveCfg = Debug|Any CPU
		{35B949E7-AE68-4B34-B546-B5F87AD310FE}.Debug|Any CPU.Build.0 = Debug|Any CPU
		{35B949E7-AE68-4B34-B546-B5F87AD310FE}.Release|Any CPU.ActiveCfg = Release|Any CPU
		{35B949E7-AE68-4B34-B546-B5F87AD310FE}.Release|Any CPU.Build.0 = Release|Any CPU
		{E2E79EC0-57B8-4B05-A45F-1BA0AADBCC25}.Debug|Any CPU.ActiveCfg = Debug|Any CPU
		{E2E79EC0-57B8-4B05-A45F-1BA0AADBCC25}.Debug|Any CPU.Build.0 = Debug|Any CPU
		{E2E79EC0-57B8-4B05-A45F-1BA0AADBCC25}.Release|Any CPU.ActiveCfg = Release|Any CPU
		{E2E79EC0-57B8-4B05-A45F-1BA0AADBCC25}.Release|Any CPU.Build.0 = Release|Any CPU
		{DF1A3CCB-96C8-4383-AAA2-B094A2A84DB2}.Debug|Any CPU.ActiveCfg = Debug|Any CPU
		{DF1A3CCB-96C8-4383-AAA2-B094A2A84DB2}.Debug|Any CPU.Build.0 = Debug|Any CPU
		{DF1A3CCB-96C8-4383-AAA2-B094A2A84DB2}.Release|Any CPU.ActiveCfg = Release|Any CPU
		{DF1A3CCB-96C8-4383-AAA2-B094A2A84DB2}.Release|Any CPU.Build.0 = Release|Any CPU
		{C4DFA797-2FE1-42BB-A10F-F9B8B8EF5260}.Debug|Any CPU.ActiveCfg = Debug|Any CPU
		{C4DFA797-2FE1-42BB-A10F-F9B8B8EF5260}.Debug|Any CPU.Build.0 = Debug|Any CPU
		{C4DFA797-2FE1-42BB-A10F-F9B8B8EF5260}.Release|Any CPU.ActiveCfg = Release|Any CPU
		{C4DFA797-2FE1-42BB-A10F-F9B8B8EF5260}.Release|Any CPU.Build.0 = Release|Any CPU
		{36990B86-74AF-45B6-B900-E884A7679A1D}.Debug|Any CPU.ActiveCfg = Debug|Any CPU
		{36990B86-74AF-45B6-B900-E884A7679A1D}.Debug|Any CPU.Build.0 = Debug|Any CPU
		{36990B86-74AF-45B6-B900-E884A7679A1D}.Release|Any CPU.ActiveCfg = Release|Any CPU
		{36990B86-74AF-45B6-B900-E884A7679A1D}.Release|Any CPU.Build.0 = Release|Any CPU
		{BA4B0386-4F90-45D1-A06F-00A0276ED636}.Debug|Any CPU.ActiveCfg = Debug|Any CPU
		{BA4B0386-4F90-45D1-A06F-00A0276ED636}.Debug|Any CPU.Build.0 = Debug|Any CPU
		{BA4B0386-4F90-45D1-A06F-00A0276ED636}.Release|Any CPU.ActiveCfg = Release|Any CPU
		{BA4B0386-4F90-45D1-A06F-00A0276ED636}.Release|Any CPU.Build.0 = Release|Any CPU
	EndGlobalSection
	GlobalSection(SolutionProperties) = preSolution
		HideSolutionNode = FALSE
	EndGlobalSection
	GlobalSection(ExtensibilityGlobals) = postSolution
		SolutionGuid = {126812C5-A724-4EA1-BCFD-63B33E7E5FA3}
	EndGlobalSection
EndGlobal
